
Microsoft Visual Studio Solution File, Format Version 12.00
# Visual Studio Version 17
VisualStudioVersion = 17.11.35312.102
MinimumVisualStudioVersion = 10.0.40219.1
Project("{FAE04EC0-301F-11D3-BF4B-00C04F79EFBC}") = "SongTracker", "SongTracker.csproj", "{7DCB29E2-2667-4AB8-B1D3-8B3F8858D7B2}"
EndProject
Global
	GlobalSection(SolutionConfigurationPlatforms) = preSolution
		Debug|Any CPU = Debug|Any CPU
		Release|Any CPU = Release|Any CPU
	EndGlobalSection
	GlobalSection(ProjectConfigurationPlatforms) = postSolution
		{7DCB29E2-2667-4AB8-B1D3-8B3F8858D7B2}.Debug|Any CPU.ActiveCfg = Debug|Any CPU
		{7DCB29E2-2667-4AB8-B1D3-8B3F8858D7B2}.Debug|Any CPU.Build.0 = Debug|Any CPU
		{7DCB29E2-2667-4AB8-B1D3-8B3F8858D7B2}.Release|Any CPU.ActiveCfg = Release|Any CPU
		{7DCB29E2-2667-4AB8-B1D3-8B3F8858D7B2}.Release|Any CPU.Build.0 = Release|Any CPU
	EndGlobalSection
	GlobalSection(SolutionProperties) = preSolution
		HideSolutionNode = FALSE
	EndGlobalSection
	GlobalSection(ExtensibilityGlobals) = postSolution
		SolutionGuid = {E4AFAF94-7AEF-456E-819F-BF5445812E06}
	EndGlobalSection
EndGlobal
